
Microsoft Visual Studio Solution File, Format Version 12.00
# Visual Studio 15
VisualStudioVersion = 15.0.27428.2037
MinimumVisualStudioVersion = 10.0.40219.1
Project("{8BC9CEB8-8B4A-11D0-8D11-00A0C91BC942}") = "CiTest", "CiTest\CiTest.vcxproj", "{2F14140D-1302-409D-9981-873DACBE9602}"
EndProject
Project("{8BC9CEB8-8B4A-11D0-8D11-00A0C91BC942}") = "CiTestUnitTest", "CiTestUnitTest\CiTestUnitTest.vcxproj", "{08F659B7-8647-4234-86E6-0B7325D57095}"
EndProject
Global
	GlobalSection(SolutionConfigurationPlatforms) = preSolution
		Debug|x64 = Debug|x64
		Debug|x86 = Debug|x86
		Release|x64 = Release|x64
		Release|x86 = Release|x86
	EndGlobalSection
	GlobalSection(ProjectConfigurationPlatforms) = postSolution
		{2F14140D-1302-409D-9981-873DACBE9602}.Debug|x64.ActiveCfg = Debug|x64
		{2F14140D-1302-409D-9981-873DACBE9602}.Debug|x64.Build.0 = Debug|x64
		{2F14140D-1302-409D-9981-873DACBE9602}.Debug|x86.ActiveCfg = Debug|Win32
		{2F14140D-1302-409D-9981-873DACBE9602}.Debug|x86.Build.0 = Debug|Win32
		{2F14140D-1302-409D-9981-873DACBE9602}.Release|x64.ActiveCfg = Release|x64
		{2F14140D-1302-409D-9981-873DACBE9602}.Release|x64.Build.0 = Release|x64
		{2F14140D-1302-409D-9981-873DACBE9602}.Release|x86.ActiveCfg = Release|Win32
		{2F14140D-1302-409D-9981-873DACBE9602}.Release|x86.Build.0 = Release|Win32
		{08F659B7-8647-4234-86E6-0B7325D57095}.Debug|x64.ActiveCfg = Debug|x64
		{08F659B7-8647-4234-86E6-0B7325D57095}.Debug|x64.Build.0 = Debug|x64
		{08F659B7-8647-4234-86E6-0B7325D57095}.Debug|x86.ActiveCfg = Debug|Win32
		{08F659B7-8647-4234-86E6-0B7325D57095}.Debug|x86.Build.0 = Debug|Win32
		{08F659B7-8647-4234-86E6-0B7325D57095}.Release|x64.ActiveCfg = Release|x64
		{08F659B7-8647-4234-86E6-0B7325D57095}.Release|x64.Build.0 = Release|x64
		{08F659B7-8647-4234-86E6-0B7325D57095}.Release|x86.ActiveCfg = Release|Win32
		{08F659B7-8647-4234-86E6-0B7325D57095}.Release|x86.Build.0 = Release|Win32
	EndGlobalSection
	GlobalSection(SolutionProperties) = preSolution
		HideSolutionNode = FALSE
	EndGlobalSection
	GlobalSection(ExtensibilityGlobals) = postSolution
		SolutionGuid = {7B0B3B9C-F082-4551-B17D-A6F4773EDFE8}
	EndGlobalSection
EndGlobal
